<?xml version="1.0" encoding="UTF-8" standalone="yes" ?>
<CodeBlocks_project_file>
	<FileVersion major="1" minor="6" />
	<Project>
		<Option title="SFH" />
		<Option pch_mode="2" />
		<Option compiler="gcc" />
		<Build>
			<Target title="Debug">
				<Option output="bin/Debug/SFHdb" prefix_auto="1" extension_auto="1" />
				<Option object_output="obj/Debug/" />
				<Option type="1" />
				<Option compiler="gcc" />
				<Compiler>
					<Add option="-std=c++0x" />
					<Add option="-g" />
				</Compiler>
				<Linker>
					<Add library="GL" />
					<Add library="GLU" />
					<Add library="GLEW" />
					<Add library="SDL2" />
					<Add library="png" />
					<Add library="jpeg" />
					<Add library="z" />
					<Add library="zip" />
					<Add library="SDL2_net" />
					<Add library="SDL2_mixer" />
				</Linker>
				<ExtraCommands>
					<Add after='cmd /c yes | cp &quot;$(PROJECT_DIR)$(TARGET_OUTPUT_FILE)&quot; &quot;$(PROJECT_DIR)../../../testfolder/&quot;' />
					<Mode after="always" />
				</ExtraCommands>
			</Target>
			<Target title="Release">
				<Option output="bin/Release/SFH" prefix_auto="1" extension_auto="1" />
				<Option object_output="obj/Release/" />
				<Option type="1" />
				<Option compiler="gcc" />
				<Compiler>
					<Add option="-O2" />
					<Add option="-std=c++0x" />
				</Compiler>
				<Linker>
					<Add option="-s" />
					<Add library="GL" />
					<Add library="GLU" />
					<Add library="GLEW" />
					<Add library="SDL2" />
					<Add library="png" />
					<Add library="jpeg" />
					<Add library="z" />
					<Add library="zip" />
					<Add library="SDL2_net" />
					<Add library="SDL2_mixer" />
				</Linker>
				<ExtraCommands>
					<Add after='cmd /c yes | cp &quot;$(PROJECT_DIR)$(TARGET_OUTPUT_FILE)&quot; &quot;$(PROJECT_DIR)../../../testfolder/&quot;' />
					<Mode after="always" />
				</ExtraCommands>
			</Target>
		</Build>
		<Compiler>
			<Add option="-Wall" />
			<Add directory="libs/SDL2_net-2.0.0" />
		</Compiler>
		<Unit filename="../../libs/objectscript/objectscript.cpp" />
		<Unit filename="../../libs/objectscript/objectscript.h" />
		<Unit filename="../../libs/objectscript/os-binder-arg-cc-functions.h" />
		<Unit filename="../../libs/objectscript/os-binder-cc-functions.h" />
		<Unit filename="../../libs/objectscript/os-binder-function.h" />
		<Unit filename="../../libs/objectscript/os-binder.h" />
		<Unit filename="../../libs/objectscript/os-heap.cpp" />
		<Unit filename="../../libs/objectscript/os-heap.h" />
		<Unit filename="../../source/ai/ai.cpp" />
		<Unit filename="../../source/ai/ai.h" />
		<Unit filename="../../source/algo/binheap.cpp" />
		<Unit filename="../../source/algo/binheap.h" />
		<Unit filename="../../source/algo/checksum.cpp" />
		<Unit filename="../../source/algo/checksum.h" />
		<Unit filename="../../source/algo/mempool.cpp" />
		<Unit filename="../../source/algo/mempool.h" />
		<Unit filename="../../source/algo/random.cpp" />
		<Unit filename="../../source/algo/random.h" />
		<Unit filename="../../source/app/gmain.cpp" />
		<Unit filename="../../source/app/gmain.h" />
		<Unit filename="../../source/app/gres.h" />
		<Unit filename="../../source/debug.cpp" />
		<Unit filename="../../source/debug.h" />
		<Unit filename="../../source/econ/balance.cpp" />
		<Unit filename="../../source/econ/balance.h" />
		<Unit filename="../../source/econ/demand.cpp" />
		<Unit filename="../../source/econ/demand.h" />
		<Unit filename="../../source/econ/utility.cpp" />
		<Unit filename="../../source/econ/utility.h" />
		<Unit filename="../../source/gui/cursor.cpp" />
		<Unit filename="../../source/gui/cursor.h" />
		<Unit filename="../../source/gui/draw2d.cpp" />
		<Unit filename="../../source/gui/draw2d.h" />
		<Unit filename="../../source/gui/font.cpp" />
		<Unit filename="../../source/gui/font.h" />
		<Unit filename="../../source/gui/gui.cpp" />
		<Unit filename="../../source/gui/gui.h" />
		<Unit filename="../../source/gui/icon.cpp" />
		<Unit filename="../../source/gui/icon.h" />
		<Unit filename="../../source/gui/inevent.cpp" />
		<Unit filename="../../source/gui/inevent.h" />
		<Unit filename="../../source/gui/keymap.cpp" />
		<Unit filename="../../source/gui/keymap.h" />
		<Unit filename="../../source/gui/layouts/chattext.cpp" />
		<Unit filename="../../source/gui/layouts/chattext.h" />
		<Unit filename="../../source/gui/layouts/edgui.cpp" />
		<Unit filename="../../source/gui/layouts/edgui.h" />
		<Unit filename="../../source/gui/layouts/gameover.h" />
		<Unit filename="../../source/gui/layouts/gamover.cpp" />
		<Unit filename="../../source/gui/layouts/ggui.cpp" />
		<Unit filename="../../source/gui/layouts/ggui.h" />
		<Unit filename="../../source/gui/layouts/gviewport.cpp" />
		<Unit filename="../../source/gui/layouts/gviewport.h" />
		<Unit filename="../../source/gui/layouts/messbox.cpp" />
		<Unit filename="../../source/gui/layouts/messbox.h" />
		<Unit filename="../../source/gui/layouts/playgui.cpp" />
		<Unit filename="../../source/gui/layouts/playgui.h" />
		<Unit filename="../../source/gui/richtext.cpp" />
		<Unit filename="../../source/gui/richtext.h" />
		<Unit filename="../../source/gui/viewlayer.cpp" />
		<Unit filename="../../source/gui/viewlayer.h" />
		<Unit filename="../../source/gui/widget.cpp" />
		<Unit filename="../../source/gui/widget.h" />
		<Unit filename="../../source/gui/widgets/barbutton.cpp" />
		<Unit filename="../../source/gui/widgets/barbutton.h" />
		<Unit filename="../../source/gui/widgets/button.cpp" />
		<Unit filename="../../source/gui/widgets/button.h" />
		<Unit filename="../../source/gui/widgets/checkbox.cpp" />
		<Unit filename="../../source/gui/widgets/checkbox.h" />
		<Unit filename="../../source/gui/widgets/droplist.cpp" />
		<Unit filename="../../source/gui/widgets/droplist.h" />
		<Unit filename="../../source/gui/widgets/editbox.cpp" />
		<Unit filename="../../source/gui/widgets/editbox.h" />
		<Unit filename="../../source/gui/widgets/frame.cpp" />
		<Unit filename="../../source/gui/widgets/frame.h" />
		<Unit filename="../../source/gui/widgets/hscrollbar.cpp" />
		<Unit filename="../../source/gui/widgets/hscrollbar.h" />
		<Unit filename="../../source/gui/widgets/image.cpp" />
		<Unit filename="../../source/gui/widgets/image.h" />
		<Unit filename="../../source/gui/widgets/insdraw.cpp" />
		<Unit filename="../../source/gui/widgets/insdraw.h" />
		<Unit filename="../../source/gui/widgets/link.cpp" />
		<Unit filename="../../source/gui/widgets/link.h" />
		<Unit filename="../../source/gui/widgets/listbox.cpp" />
		<Unit filename="../../source/gui/widgets/listbox.h" />
		<Unit filename="../../source/gui/widgets/spez/blpreview.cpp" />
		<Unit filename="../../source/gui/widgets/spez/blpreview.h" />
		<Unit filename="../../source/gui/widgets/spez/blview.cpp" />
		<Unit filename="../../source/gui/widgets/spez/blview.h" />
		<Unit filename="../../source/gui/widgets/spez/botpan.cpp" />
		<Unit filename="../../source/gui/widgets/spez/botpan.h" />
		<Unit filename="../../source/gui/widgets/spez/cstrview.cpp" />
		<Unit filename="../../source/gui/widgets/spez/cstrview.h" />
		<Unit filename="../../source/gui/widgets/spez/loadview.cpp" />
		<Unit filename="../../source/gui/widgets/spez/loadview.h" />
		<Unit filename="../../source/gui/widgets/spez/lobby.cpp" />
		<Unit filename="../../source/gui/widgets/spez/lobby.h" />
		<Unit filename="../../source/gui/widgets/spez/newhost.cpp" />
		<Unit filename="../../source/gui/widgets/spez/newhost.h" />
		<Unit filename="../../source/gui/widgets/spez/resticker.cpp" />
		<Unit filename="../../source/gui/widgets/spez/resticker.h" />
		<Unit filename="../../source/gui/widgets/spez/saveview.cpp" />
		<Unit filename="../../source/gui/widgets/spez/saveview.h" />
		<Unit filename="../../source/gui/widgets/spez/svlist.cpp" />
		<Unit filename="../../source/gui/widgets/spez/svlist.h" />
		<Unit filename="../../source/gui/widgets/spez/truckmgr.cpp" />
		<Unit filename="../../source/gui/widgets/spez/truckmgr.h" />
		<Unit filename="../../source/gui/widgets/text.cpp" />
		<Unit filename="../../source/gui/widgets/text.h" />
		<Unit filename="../../source/gui/widgets/textarea.cpp" />
		<Unit filename="../../source/gui/widgets/textarea.h" />
		<Unit filename="../../source/gui/widgets/textblock.cpp" />
		<Unit filename="../../source/gui/widgets/textblock.h" />
		<Unit filename="../../source/gui/widgets/touchlistener.cpp" />
		<Unit filename="../../source/gui/widgets/touchlistener.h" />
		<Unit filename="../../source/gui/widgets/viewportw.cpp" />
		<Unit filename="../../source/gui/widgets/viewportw.h" />
		<Unit filename="../../source/gui/widgets/vscrollbar.cpp" />
		<Unit filename="../../source/gui/widgets/vscrollbar.h" />
		<Unit filename="../../source/gui/widgets/windoww.cpp" />
		<Unit filename="../../source/gui/widgets/windoww.h" />
		<Unit filename="../../source/math/3dmath.cpp" />
		<Unit filename="../../source/math/3dmath.h" />
		<Unit filename="../../source/math/barycentric.cpp" />
		<Unit filename="../../source/math/barycentric.h" />
		<Unit filename="../../source/math/brush.cpp" />
		<Unit filename="../../source/math/brush.h" />
		<Unit filename="../../source/math/camera.cpp" />
		<Unit filename="../../source/math/camera.h" />
		<Unit filename="../../source/math/edge.cpp" />
		<Unit filename="../../source/math/edge.h" />
		<Unit filename="../../source/math/fixmath.cpp" />
		<Unit filename="../../source/math/fixmath.h" />
		<Unit filename="../../source/math/frustum.cpp" />
		<Unit filename="../../source/math/frustum.h" />
		<Unit filename="../../source/math/hmapmath.cpp" />
		<Unit filename="../../source/math/hmapmath.h" />
		<Unit filename="../../source/math/isomath.cpp" />
		<Unit filename="../../source/math/isomath.h" />
		<Unit filename="../../source/math/line.cpp" />
		<Unit filename="../../source/math/line.h" />
		<Unit filename="../../source/math/matrix.cpp" />
		<Unit filename="../../source/math/matrix.h" />
		<Unit filename="../../source/math/physics.cpp" />
		<Unit filename="../../source/math/physics.h" />
		<Unit filename="../../source/math/plane2i.cpp" />
		<Unit filename="../../source/math/plane2i.h" />
		<Unit filename="../../source/math/plane3f.cpp" />
		<Unit filename="../../source/math/plane3f.h" />
		<Unit filename="../../source/math/polygon.cpp" />
		<Unit filename="../../source/math/polygon.h" />
		<Unit filename="../../source/math/quaternion.cpp" />
		<Unit filename="../../source/math/quaternion.h" />
		<Unit filename="../../source/math/triangle.h" />
		<Unit filename="../../source/math/vec2c.h" />
		<Unit filename="../../source/math/vec2f.h" />
		<Unit filename="../../source/math/vec2i.h" />
		<Unit filename="../../source/math/vec2s.h" />
		<Unit filename="../../source/math/vec2uc.h" />
		<Unit filename="../../source/math/vec3f.cpp" />
		<Unit filename="../../source/math/vec3f.h" />
		<Unit filename="../../source/math/vec3i.cpp" />
		<Unit filename="../../source/math/vec3i.h" />
		<Unit filename="../../source/math/vec4f.cpp" />
		<Unit filename="../../source/math/vec4f.h" />
		<Unit filename="../../source/net/client.cpp" />
		<Unit filename="../../source/net/client.h" />
		<Unit filename="../../source/net/download.cpp" />
		<Unit filename="../../source/net/download.h" />
		<Unit filename="../../source/net/lockstep.cpp" />
		<Unit filename="../../source/net/lockstep.h" />
		<Unit filename="../../source/net/net.cpp" />
		<Unit filename="../../source/net/net.h" />
		<Unit filename="../../source/net/netconn.cpp" />
		<Unit filename="../../source/net/netconn.h" />
		<Unit filename="../../source/net/packets.h" />
		<Unit filename="../../source/net/readpackets.cpp" />
		<Unit filename="../../source/net/readpackets.h" />
		<Unit filename="../../source/net/sendpackets.cpp" />
		<Unit filename="../../source/net/sendpackets.h" />
		<Unit filename="../../source/net/server.cpp" />
		<Unit filename="../../source/net/server.h" />
		<Unit filename="../../source/path/anypath.cpp" />
		<Unit filename="../../source/path/anypath.h" />
		<Unit filename="../../source/path/astarpath.cpp" />
		<Unit filename="../../source/path/astarpath.h" />
		<Unit filename="../../source/path/collidertile.cpp" />
		<Unit filename="../../source/path/collidertile.h" />
		<Unit filename="../../source/path/fillbodies.cpp" />
		<Unit filename="../../source/path/fillbodies.h" />
		<Unit filename="../../source/path/groupmove.cpp" />
		<Unit filename="../../source/path/groupmove.h" />
		<Unit filename="../../source/path/itinerary.cpp" />
		<Unit filename="../../source/path/itinerary.h" />
		<Unit filename="../../source/path/jpsexpansion.cpp" />
		<Unit filename="../../source/path/jpsexpansion.h" />
		<Unit filename="../../source/path/jpspartpath.cpp" />
		<Unit filename="../../source/path/jpspartpath.h" />
		<Unit filename="../../source/path/jpspath.cpp" />
		<Unit filename="../../source/path/jpspath.h" />
		<Unit filename="../../source/path/localavoid.cpp" />
		<Unit filename="../../source/path/localavoid.h" />
		<Unit filename="../../source/path/partialpath.cpp" />
		<Unit filename="../../source/path/partialpath.h" />
		<Unit filename="../../source/path/pathdebug.cpp" />
		<Unit filename="../../source/path/pathdebug.h" />
		<Unit filename="../../source/path/pathjob.cpp" />
		<Unit filename="../../source/path/pathjob.h" />
		<Unit filename="../../source/path/pathnode.cpp" />
		<Unit filename="../../source/path/pathnode.h" />
		<Unit filename="../../source/path/reconstructpath.cpp" />
		<Unit filename="../../source/path/reconstructpath.h" />
		<Unit filename="../../source/path/tilepath.cpp" />
		<Unit filename="../../source/path/tilepath.h" />
		<Unit filename="../../source/path/trip.cpp" />
		<Unit filename="../../source/path/trip.h" />
		<Unit filename="../../source/phys/collidable.cpp" />
		<Unit filename="../../source/phys/collidable.h" />
		<Unit filename="../../source/phys/collision.cpp" />
		<Unit filename="../../source/phys/collision.h" />
		<Unit filename="../../source/phys/trace.cpp" />
		<Unit filename="../../source/phys/trace.h" />
		<Unit filename="../../source/platform.cpp" />
		<Unit filename="../../source/platform.h" />
		<Unit filename="../../source/render/anim.cpp" />
		<Unit filename="../../source/render/anim.h" />
		<Unit filename="../../source/render/billboard.cpp" />
		<Unit filename="../../source/render/billboard.h" />
		<Unit filename="../../source/render/cell.cpp" />
		<Unit filename="../../source/render/cell.h" />
		<Unit filename="../../source/render/depthable.cpp" />
		<Unit filename="../../source/render/depthable.h" />
		<Unit filename="../../source/render/drawqueue.cpp" />
		<Unit filename="../../source/render/drawqueue.h" />
		<Unit filename="../../source/render/drawsort.cpp" />
		<Unit filename="../../source/render/drawsort.h" />
		<Unit filename="../../source/render/fogofwar.cpp" />
		<Unit filename="../../source/render/fogofwar.h" />
		<Unit filename="../../source/render/foliage.cpp" />
		<Unit filename="../../source/render/foliage.h" />
		<Unit filename="../../source/render/graph.cpp" />
		<Unit filename="../../source/render/graph.h" />
		<Unit filename="../../source/render/heightmap.cpp" />
		<Unit filename="../../source/render/heightmap.h" />
		<Unit filename="../../source/render/infoov.cpp" />
		<Unit filename="../../source/render/infoov.h" />
		<Unit filename="../../source/render/particle.cpp" />
		<Unit filename="../../source/render/particle.h" />
		<Unit filename="../../source/render/projectile.cpp" />
		<Unit filename="../../source/render/projectile.h" />
		<Unit filename="../../source/render/screenshot.cpp" />
		<Unit filename="../../source/render/screenshot.h" />
		<Unit filename="../../source/render/shader.cpp" />
		<Unit filename="../../source/render/shader.h" />
		<Unit filename="../../source/render/sprite.cpp" />
		<Unit filename="../../source/render/sprite.h" />
		<Unit filename="../../source/render/tile.cpp" />
		<Unit filename="../../source/render/tile.h" />
		<Unit filename="../../source/render/transaction.cpp" />
		<Unit filename="../../source/render/transaction.h" />
		<Unit filename="../../source/render/vertexarray.cpp" />
		<Unit filename="../../source/render/vertexarray.h" />
		<Unit filename="../../source/render/water.cpp" />
		<Unit filename="../../source/render/water.h" />
		<Unit filename="../../source/save/savecondition.cpp" />
		<Unit filename="../../source/save/savecondition.h" />
		<Unit filename="../../source/save/saveeffect.cpp" />
		<Unit filename="../../source/save/saveeffect.h" />
		<Unit filename="../../source/save/savehint.cpp" />
		<Unit filename="../../source/save/savehint.h" />
		<Unit filename="../../source/save/savemap.cpp" />
		<Unit filename="../../source/save/savemap.h" />
		<Unit filename="../../source/save/savetrigger.cpp" />
		<Unit filename="../../source/save/savetrigger.h" />
		<Unit filename="../../source/script/condition.cpp" />
		<Unit filename="../../source/script/condition.h" />
		<Unit filename="../../source/script/console.cpp" />
		<Unit filename="../../source/script/console.h" />
		<Unit filename="../../source/script/effect.cpp" />
		<Unit filename="../../source/script/effect.h" />
		<Unit filename="../../source/script/hint.cpp" />
		<Unit filename="../../source/script/hint.h" />
		<Unit filename="../../source/script/script.cpp" />
		<Unit filename="../../source/script/script.h" />
		<Unit filename="../../source/script/trigger.cpp" />
		<Unit filename="../../source/script/trigger.h" />
		<Unit filename="../../source/sim/bltype.cpp" />
		<Unit filename="../../source/sim/bltype.h" />
		<Unit filename="../../source/sim/build.cpp" />
		<Unit filename="../../source/sim/build.h" />
		<Unit filename="../../source/sim/building.cpp" />
		<Unit filename="../../source/sim/building.h" />
		<Unit filename="../../source/sim/conduit.cpp" />
		<Unit filename="../../source/sim/conduit.h" />
		<Unit filename="../../source/sim/connectable.cpp" />
		<Unit filename="../../source/sim/connectable.h" />
		<Unit filename="../../source/sim/deposit.cpp" />
		<Unit filename="../../source/sim/deposit.h" />
		<Unit filename="../../source/sim/job.cpp" />
		<Unit filename="../../source/sim/job.h" />
		<Unit filename="../../source/sim/labourer.cpp" />
		<Unit filename="../../source/sim/labourer.h" />
		<Unit filename="../../source/sim/manuf.cpp" />
		<Unit filename="../../source/sim/manuf.h" />
		<Unit filename="../../source/sim/map.cpp" />
		<Unit filename="../../source/sim/map.h" />
		<Unit filename="../../source/sim/order.cpp" />
		<Unit filename="../../source/sim/order.h" />
		<Unit filename="../../source/sim/player.cpp" />
		<Unit filename="../../source/sim/player.h" />
		<Unit filename="../../source/sim/resources.cpp" />
		<Unit filename="../../source/sim/resources.h" />
		<Unit filename="../../source/sim/selection.cpp" />
		<Unit filename="../../source/sim/selection.h" />
		<Unit filename="../../source/sim/simdef.cpp" />
		<Unit filename="../../source/sim/simdef.h" />
		<Unit filename="../../source/sim/simflow.cpp" />
		<Unit filename="../../source/sim/simflow.h" />
		<Unit filename="../../source/sim/simstate.cpp" />
		<Unit filename="../../source/sim/simstate.h" />
		<Unit filename="../../source/sim/transport.cpp" />
		<Unit filename="../../source/sim/transport.h" />
		<Unit filename="../../source/sim/truck.cpp" />
		<Unit filename="../../source/sim/truck.h" />
		<Unit filename="../../source/sim/umove.cpp" />
		<Unit filename="../../source/sim/umove.h" />
		<Unit filename="../../source/sim/unit.cpp" />
		<Unit filename="../../source/sim/unit.h" />
		<Unit filename="../../source/sim/utype.cpp" />
		<Unit filename="../../source/sim/utype.h" />
		<Unit filename="../../source/sound/sound.cpp" />
		<Unit filename="../../source/sound/sound.h" />
		<Unit filename="../../source/sound/soundch.cpp" />
		<Unit filename="../../source/sound/soundch.h" />
		<Unit filename="../../source/sys/dirent.c">
			<Option compilerVar="CC" />
		</Unit>
		<Unit filename="../../source/sys/dirent.h" />
		<Unit filename="../../source/sys/namegen.cpp" />
		<Unit filename="../../source/sys/namegen.h" />
		<Unit filename="../../source/sys/regress.cpp" />
		<Unit filename="../../source/sys/unicode.cpp" />
		<Unit filename="../../source/sys/unicode.h" />
		<Unit filename="../../source/sys/utf8.cpp" />
		<Unit filename="../../source/sys/utf8.h" />
		<Unit filename="../../source/texture.cpp" />
		<Unit filename="../../source/texture.h" />
		<Unit filename="../../source/ustring.cpp" />
		<Unit filename="../../source/ustring.h" />
		<Unit filename="../../source/utils.cpp" />
		<Unit filename="../../source/utils.h" />
		<Unit filename="../../source/window.cpp" />
		<Unit filename="../../source/window.h" />
		<Extensions>
			<code_completion />
			<debugger />
		</Extensions>
	</Project>
</CodeBlocks_project_file>
